
Microsoft Visual Studio Solution File, Format Version 10.00
# Visual Studio 2008
Project("{FAE04EC0-301F-11D3-BF4B-00C04F79EFBC}") = "DotWeb.Translator", "src\DotWeb.Translator\DotWeb.Translator.csproj", "{3C90D87C-3525-4D90-B32D-CD9B56B20D99}"
EndProject
Project("{FAE04EC0-301F-11D3-BF4B-00C04F79EFBC}") = "DotWeb.Client", "src\DotWeb.Client\DotWeb.Client.csproj", "{0A46B99F-8A61-4544-8B1D-E5117DABBD90}"
EndProject
Project("{2150E333-8FDC-42A3-9474-1A3956D46DE8}") = "Solution Items", "Solution Items", "{196832FA-5DBB-45ED-8FA9-42E8C702E413}"
	ProjectSection(SolutionItems) = preProject
		CHANGELOG = CHANGELOG
		CommonAssemblyInfo.cs = CommonAssemblyInfo.cs
		COPYING = COPYING
		doc\DotWeb.shfbproj = doc\DotWeb.shfbproj
		README.markdown = README.markdown
	EndProjectSection
EndProject
Project("{FAE04EC0-301F-11D3-BF4B-00C04F79EFBC}") = "DotWeb.Web", "src\DotWeb.Web\DotWeb.Web.csproj", "{81320140-BA96-4316-AF77-34CD16952DB0}"
EndProject
Project("{FAE04EC0-301F-11D3-BF4B-00C04F79EFBC}") = "DotWeb.Hosting.Bridge", "src\DotWeb.Hosting.Bridge\DotWeb.Hosting.Bridge.csproj", "{CDB3DD8E-7178-42A5-BA0E-F0FABC627B46}"
	ProjectSection(ProjectDependencies) = postProject
		{0A46B99F-8A61-4544-8B1D-E5117DABBD90} = {0A46B99F-8A61-4544-8B1D-E5117DABBD90}
	EndProjectSection
EndProject
Project("{FAE04EC0-301F-11D3-BF4B-00C04F79EFBC}") = "DotWeb.Hosting", "src\DotWeb.Hosting\DotWeb.Hosting.csproj", "{9004E34C-2D35-40EE-BE98-C1AED18081CF}"
EndProject
Project("{FAE04EC0-301F-11D3-BF4B-00C04F79EFBC}") = "DotWeb.Utility", "src\DotWeb.Utility\DotWeb.Utility.csproj", "{F303A189-1B53-4FF6-B6AC-8972444A6B7B}"
EndProject
Project("{FAE04EC0-301F-11D3-BF4B-00C04F79EFBC}") = "DotWeb.Decompiler", "src\DotWeb.Decompiler\DotWeb.Decompiler.csproj", "{69561EF0-26F3-4190-89EA-AAE937A5D88F}"
EndProject
Project("{FAE04EC0-301F-11D3-BF4B-00C04F79EFBC}") = "DotWeb.Web.Mvc", "src\DotWeb.Web.Mvc\DotWeb.Web.Mvc.csproj", "{0EA77083-0F93-43EA-AB3D-52FE0FEE4599}"
EndProject
Project("{FAE04EC0-301F-11D3-BF4B-00C04F79EFBC}") = "DotWeb.Translator.Test", "test\DotWeb.Translator.Test\DotWeb.Translator.Test.csproj", "{4383123E-0886-4BFC-B861-C717CCB02152}"
EndProject
Project("{FAE04EC0-301F-11D3-BF4B-00C04F79EFBC}") = "DotWeb.Hosting.Test", "test\DotWeb.Hosting.Test\DotWeb.Hosting.Test.csproj", "{17E900D9-A0E6-4F3E-8A00-99F5B8978A07}"
EndProject
Project("{2150E333-8FDC-42A3-9474-1A3956D46DE8}") = "Client", "Client", "{68BADD68-6C2C-4D04-BCD9-84E851FF97C1}"
EndProject
Project("{2150E333-8FDC-42A3-9474-1A3956D46DE8}") = "Server", "Server", "{5371A387-4AAD-472B-B6F8-3A85C553790E}"
EndProject
Project("{2150E333-8FDC-42A3-9474-1A3956D46DE8}") = "IDL", "IDL", "{513FE4C0-362B-4109-AD91-C818B83B628D}"
	ProjectSection(SolutionItems) = preProject
		doc\idl\css.idl = doc\idl\css.idl
		doc\idl\dom.idl = doc\idl\dom.idl
		doc\idl\events.idl = doc\idl\events.idl
		doc\idl\html2.idl = doc\idl\html2.idl
		doc\idl\stylesheets.idl = doc\idl\stylesheets.idl
	EndProjectSection
EndProject
Project("{FAE04EC0-301F-11D3-BF4B-00C04F79EFBC}") = "DotWeb.Translator.Test.Script", "test\DotWeb.Translator.Test\Script\DotWeb.Translator.Test.Script.csproj", "{64CEF2DB-5B54-4F4F-BEEE-F32C5DC428DB}"
EndProject
Project("{2150E333-8FDC-42A3-9474-1A3956D46DE8}") = "Test", "Test", "{2403EEAF-B8B8-43D7-AA7C-A22D42755415}"
EndProject
Project("{2150E333-8FDC-42A3-9474-1A3956D46DE8}") = "Tools", "Tools", "{416184BA-24AD-4632-8186-653DFE779B77}"
EndProject
Project("{FAE04EC0-301F-11D3-BF4B-00C04F79EFBC}") = "DotWeb.System", "src\DotWeb.System\DotWeb.System.csproj", "{45AD857D-00EA-44CF-A3D4-8355DDFE1623}"
EndProject
Project("{FAE04EC0-301F-11D3-BF4B-00C04F79EFBC}") = "Hosted-DotWeb.System", "src\DotWeb.System\Hosted-DotWeb.System.csproj", "{F02F94A5-422E-4585-BB7B-160A8C6B488F}"
	ProjectSection(ProjectDependencies) = postProject
		{63D7BDD6-78BE-46B8-9BD3-E2026E34F4CB} = {63D7BDD6-78BE-46B8-9BD3-E2026E34F4CB}
	EndProjectSection
EndProject
Project("{FAE04EC0-301F-11D3-BF4B-00C04F79EFBC}") = "DotWeb.Hosting.Test.Script", "test\DotWeb.Hosting.Test.Script\DotWeb.Hosting.Test.Script.csproj", "{4AE3435E-B364-4362-9911-ACAEDC6E1A99}"
EndProject
Project("{FAE04EC0-301F-11D3-BF4B-00C04F79EFBC}") = "DotWeb.Tools.Weaver", "tools\DotWeb.Tools.Weaver\DotWeb.Tools.Weaver.csproj", "{DE8A6C27-B315-41E3-82BF-7A3741C7653D}"
EndProject
Project("{FAE04EC0-301F-11D3-BF4B-00C04F79EFBC}") = "DotWebWeaver", "tools\DotWebWeaver\DotWebWeaver.csproj", "{63D7BDD6-78BE-46B8-9BD3-E2026E34F4CB}"
EndProject
Project("{FAE04EC0-301F-11D3-BF4B-00C04F79EFBC}") = "DotWeb.Weaver.Test.Script", "test\DotWeb.Weaver.Test.Script\DotWeb.Weaver.Test.Script.csproj", "{A3E6A831-894F-45BB-967D-68695685A4EE}"
EndProject
Project("{930C7802-8A8C-48F9-8165-68863BCCD9DD}") = "DotWeb.Installer", "DotWeb.Installer\DotWeb.Installer.wixproj", "{73C14DD4-6080-4CCB-9728-E2BA4373C5EF}"
EndProject
Project("{2150E333-8FDC-42A3-9474-1A3956D46DE8}") = "Plugins", "Plugins", "{23CFFDFB-F876-4721-A895-7DED3B3FE8F6}"
EndProject
Project("{FAE04EC0-301F-11D3-BF4B-00C04F79EFBC}") = "DotWeb.Agent.Ie", "plugins\ie\DotWeb.Agent.Ie\DotWeb.Agent.Ie.csproj", "{D1243C40-69A0-4017-9ECA-194DE539DF83}"
EndProject
Project("{8BC9CEB8-8B4A-11D0-8D11-00A0C91BC942}") = "DotWeb.Agent.Ie.Interop", "plugins\ie\DotWeb.Agent.Ie.Interop\DotWeb.Agent.Ie.Interop.vcproj", "{79E45658-6D89-4164-B1B1-0315316F7E4D}"
EndProject
Project("{8BC9CEB8-8B4A-11D0-8D11-00A0C91BC942}") = "NPDotWeb", "plugins\npapi\NPDotWeb.vcproj", "{6D58FE29-7F53-4710-B720-A9D15A20A0DA}"
EndProject
Global
	GlobalSection(SolutionConfigurationPlatforms) = preSolution
		Debug|Any CPU = Debug|Any CPU
		Debug|Mixed Platforms = Debug|Mixed Platforms
		Debug|Win32 = Debug|Win32
		Debug|x86 = Debug|x86
		Release|Any CPU = Release|Any CPU
		Release|Mixed Platforms = Release|Mixed Platforms
		Release|Win32 = Release|Win32
		Release|x86 = Release|x86
	EndGlobalSection
	GlobalSection(ProjectConfigurationPlatforms) = postSolution
		{3C90D87C-3525-4D90-B32D-CD9B56B20D99}.Debug|Any CPU.ActiveCfg = Debug|Any CPU
		{3C90D87C-3525-4D90-B32D-CD9B56B20D99}.Debug|Any CPU.Build.0 = Debug|Any CPU
		{3C90D87C-3525-4D90-B32D-CD9B56B20D99}.Debug|Mixed Platforms.ActiveCfg = Debug|Any CPU
		{3C90D87C-3525-4D90-B32D-CD9B56B20D99}.Debug|Mixed Platforms.Build.0 = Debug|Any CPU
		{3C90D87C-3525-4D90-B32D-CD9B56B20D99}.Debug|Win32.ActiveCfg = Debug|Any CPU
		{3C90D87C-3525-4D90-B32D-CD9B56B20D99}.Debug|x86.ActiveCfg = Debug|Any CPU
		{3C90D87C-3525-4D90-B32D-CD9B56B20D99}.Release|Any CPU.ActiveCfg = Release|Any CPU
		{3C90D87C-3525-4D90-B32D-CD9B56B20D99}.Release|Any CPU.Build.0 = Release|Any CPU
		{3C90D87C-3525-4D90-B32D-CD9B56B20D99}.Release|Mixed Platforms.ActiveCfg = Release|Any CPU
		{3C90D87C-3525-4D90-B32D-CD9B56B20D99}.Release|Mixed Platforms.Build.0 = Release|Any CPU
		{3C90D87C-3525-4D90-B32D-CD9B56B20D99}.Release|Win32.ActiveCfg = Release|Any CPU
		{3C90D87C-3525-4D90-B32D-CD9B56B20D99}.Release|x86.ActiveCfg = Release|Any CPU
		{0A46B99F-8A61-4544-8B1D-E5117DABBD90}.Debug|Any CPU.ActiveCfg = Debug|Any CPU
		{0A46B99F-8A61-4544-8B1D-E5117DABBD90}.Debug|Any CPU.Build.0 = Debug|Any CPU
		{0A46B99F-8A61-4544-8B1D-E5117DABBD90}.Debug|Mixed Platforms.ActiveCfg = Debug|Any CPU
		{0A46B99F-8A61-4544-8B1D-E5117DABBD90}.Debug|Mixed Platforms.Build.0 = Debug|Any CPU
		{0A46B99F-8A61-4544-8B1D-E5117DABBD90}.Debug|Win32.ActiveCfg = Debug|Any CPU
		{0A46B99F-8A61-4544-8B1D-E5117DABBD90}.Debug|x86.ActiveCfg = Debug|Any CPU
		{0A46B99F-8A61-4544-8B1D-E5117DABBD90}.Release|Any CPU.ActiveCfg = Release|Any CPU
		{0A46B99F-8A61-4544-8B1D-E5117DABBD90}.Release|Any CPU.Build.0 = Release|Any CPU
		{0A46B99F-8A61-4544-8B1D-E5117DABBD90}.Release|Mixed Platforms.ActiveCfg = Release|Any CPU
		{0A46B99F-8A61-4544-8B1D-E5117DABBD90}.Release|Mixed Platforms.Build.0 = Release|Any CPU
		{0A46B99F-8A61-4544-8B1D-E5117DABBD90}.Release|Win32.ActiveCfg = Release|Any CPU
		{0A46B99F-8A61-4544-8B1D-E5117DABBD90}.Release|x86.ActiveCfg = Release|Any CPU
		{81320140-BA96-4316-AF77-34CD16952DB0}.Debug|Any CPU.ActiveCfg = Debug|Any CPU
		{81320140-BA96-4316-AF77-34CD16952DB0}.Debug|Any CPU.Build.0 = Debug|Any CPU
		{81320140-BA96-4316-AF77-34CD16952DB0}.Debug|Mixed Platforms.ActiveCfg = Debug|Any CPU
		{81320140-BA96-4316-AF77-34CD16952DB0}.Debug|Mixed Platforms.Build.0 = Debug|Any CPU
		{81320140-BA96-4316-AF77-34CD16952DB0}.Debug|Win32.ActiveCfg = Debug|Any CPU
		{81320140-BA96-4316-AF77-34CD16952DB0}.Debug|x86.ActiveCfg = Debug|Any CPU
		{81320140-BA96-4316-AF77-34CD16952DB0}.Release|Any CPU.ActiveCfg = Release|Any CPU
		{81320140-BA96-4316-AF77-34CD16952DB0}.Release|Any CPU.Build.0 = Release|Any CPU
		{81320140-BA96-4316-AF77-34CD16952DB0}.Release|Mixed Platforms.ActiveCfg = Release|Any CPU
		{81320140-BA96-4316-AF77-34CD16952DB0}.Release|Mixed Platforms.Build.0 = Release|Any CPU
		{81320140-BA96-4316-AF77-34CD16952DB0}.Release|Win32.ActiveCfg = Release|Any CPU
		{81320140-BA96-4316-AF77-34CD16952DB0}.Release|x86.ActiveCfg = Release|Any CPU
		{CDB3DD8E-7178-42A5-BA0E-F0FABC627B46}.Debug|Any CPU.ActiveCfg = Debug|Any CPU
		{CDB3DD8E-7178-42A5-BA0E-F0FABC627B46}.Debug|Any CPU.Build.0 = Debug|Any CPU
		{CDB3DD8E-7178-42A5-BA0E-F0FABC627B46}.Debug|Mixed Platforms.ActiveCfg = Debug|Any CPU
		{CDB3DD8E-7178-42A5-BA0E-F0FABC627B46}.Debug|Mixed Platforms.Build.0 = Debug|Any CPU
		{CDB3DD8E-7178-42A5-BA0E-F0FABC627B46}.Debug|Win32.ActiveCfg = Debug|Any CPU
		{CDB3DD8E-7178-42A5-BA0E-F0FABC627B46}.Debug|x86.ActiveCfg = Debug|Any CPU
		{CDB3DD8E-7178-42A5-BA0E-F0FABC627B46}.Release|Any CPU.ActiveCfg = Release|Any CPU
		{CDB3DD8E-7178-42A5-BA0E-F0FABC627B46}.Release|Any CPU.Build.0 = Release|Any CPU
		{CDB3DD8E-7178-42A5-BA0E-F0FABC627B46}.Release|Mixed Platforms.ActiveCfg = Release|Any CPU
		{CDB3DD8E-7178-42A5-BA0E-F0FABC627B46}.Release|Mixed Platforms.Build.0 = Release|Any CPU
		{CDB3DD8E-7178-42A5-BA0E-F0FABC627B46}.Release|Win32.ActiveCfg = Release|Any CPU
		{CDB3DD8E-7178-42A5-BA0E-F0FABC627B46}.Release|x86.ActiveCfg = Release|Any CPU
		{9004E34C-2D35-40EE-BE98-C1AED18081CF}.Debug|Any CPU.ActiveCfg = Debug|Any CPU
		{9004E34C-2D35-40EE-BE98-C1AED18081CF}.Debug|Any CPU.Build.0 = Debug|Any CPU
		{9004E34C-2D35-40EE-BE98-C1AED18081CF}.Debug|Mixed Platforms.ActiveCfg = Debug|Any CPU
		{9004E34C-2D35-40EE-BE98-C1AED18081CF}.Debug|Mixed Platforms.Build.0 = Debug|Any CPU
		{9004E34C-2D35-40EE-BE98-C1AED18081CF}.Debug|Win32.ActiveCfg = Debug|Any CPU
		{9004E34C-2D35-40EE-BE98-C1AED18081CF}.Debug|x86.ActiveCfg = Debug|Any CPU
		{9004E34C-2D35-40EE-BE98-C1AED18081CF}.Release|Any CPU.ActiveCfg = Release|Any CPU
		{9004E34C-2D35-40EE-BE98-C1AED18081CF}.Release|Any CPU.Build.0 = Release|Any CPU
		{9004E34C-2D35-40EE-BE98-C1AED18081CF}.Release|Mixed Platforms.ActiveCfg = Release|Any CPU
		{9004E34C-2D35-40EE-BE98-C1AED18081CF}.Release|Mixed Platforms.Build.0 = Release|Any CPU
		{9004E34C-2D35-40EE-BE98-C1AED18081CF}.Release|Win32.ActiveCfg = Release|Any CPU
		{9004E34C-2D35-40EE-BE98-C1AED18081CF}.Release|x86.ActiveCfg = Release|Any CPU
		{F303A189-1B53-4FF6-B6AC-8972444A6B7B}.Debug|Any CPU.ActiveCfg = Debug|Any CPU
		{F303A189-1B53-4FF6-B6AC-8972444A6B7B}.Debug|Any CPU.Build.0 = Debug|Any CPU
		{F303A189-1B53-4FF6-B6AC-8972444A6B7B}.Debug|Mixed Platforms.ActiveCfg = Debug|Any CPU
		{F303A189-1B53-4FF6-B6AC-8972444A6B7B}.Debug|Mixed Platforms.Build.0 = Debug|Any CPU
		{F303A189-1B53-4FF6-B6AC-8972444A6B7B}.Debug|Win32.ActiveCfg = Debug|Any CPU
		{F303A189-1B53-4FF6-B6AC-8972444A6B7B}.Debug|x86.ActiveCfg = Debug|Any CPU
		{F303A189-1B53-4FF6-B6AC-8972444A6B7B}.Release|Any CPU.ActiveCfg = Release|Any CPU
		{F303A189-1B53-4FF6-B6AC-8972444A6B7B}.Release|Any CPU.Build.0 = Release|Any CPU
		{F303A189-1B53-4FF6-B6AC-8972444A6B7B}.Release|Mixed Platforms.ActiveCfg = Release|Any CPU
		{F303A189-1B53-4FF6-B6AC-8972444A6B7B}.Release|Mixed Platforms.Build.0 = Release|Any CPU
		{F303A189-1B53-4FF6-B6AC-8972444A6B7B}.Release|Win32.ActiveCfg = Release|Any CPU
		{F303A189-1B53-4FF6-B6AC-8972444A6B7B}.Release|x86.ActiveCfg = Release|Any CPU
		{69561EF0-26F3-4190-89EA-AAE937A5D88F}.Debug|Any CPU.ActiveCfg = Debug|Any CPU
		{69561EF0-26F3-4190-89EA-AAE937A5D88F}.Debug|Any CPU.Build.0 = Debug|Any CPU
		{69561EF0-26F3-4190-89EA-AAE937A5D88F}.Debug|Mixed Platforms.ActiveCfg = Debug|Any CPU
		{69561EF0-26F3-4190-89EA-AAE937A5D88F}.Debug|Mixed Platforms.Build.0 = Debug|Any CPU
		{69561EF0-26F3-4190-89EA-AAE937A5D88F}.Debug|Win32.ActiveCfg = Debug|Any CPU
		{69561EF0-26F3-4190-89EA-AAE937A5D88F}.Debug|x86.ActiveCfg = Debug|Any CPU
		{69561EF0-26F3-4190-89EA-AAE937A5D88F}.Release|Any CPU.ActiveCfg = Release|Any CPU
		{69561EF0-26F3-4190-89EA-AAE937A5D88F}.Release|Any CPU.Build.0 = Release|Any CPU
		{69561EF0-26F3-4190-89EA-AAE937A5D88F}.Release|Mixed Platforms.ActiveCfg = Release|Any CPU
		{69561EF0-26F3-4190-89EA-AAE937A5D88F}.Release|Mixed Platforms.Build.0 = Release|Any CPU
		{69561EF0-26F3-4190-89EA-AAE937A5D88F}.Release|Win32.ActiveCfg = Release|Any CPU
		{69561EF0-26F3-4190-89EA-AAE937A5D88F}.Release|x86.ActiveCfg = Release|Any CPU
		{0EA77083-0F93-43EA-AB3D-52FE0FEE4599}.Debug|Any CPU.ActiveCfg = Debug|Any CPU
		{0EA77083-0F93-43EA-AB3D-52FE0FEE4599}.Debug|Any CPU.Build.0 = Debug|Any CPU
		{0EA77083-0F93-43EA-AB3D-52FE0FEE4599}.Debug|Mixed Platforms.ActiveCfg = Debug|Any CPU
		{0EA77083-0F93-43EA-AB3D-52FE0FEE4599}.Debug|Mixed Platforms.Build.0 = Debug|Any CPU
		{0EA77083-0F93-43EA-AB3D-52FE0FEE4599}.Debug|Win32.ActiveCfg = Debug|Any CPU
		{0EA77083-0F93-43EA-AB3D-52FE0FEE4599}.Debug|x86.ActiveCfg = Debug|Any CPU
		{0EA77083-0F93-43EA-AB3D-52FE0FEE4599}.Release|Any CPU.ActiveCfg = Release|Any CPU
		{0EA77083-0F93-43EA-AB3D-52FE0FEE4599}.Release|Any CPU.Build.0 = Release|Any CPU
		{0EA77083-0F93-43EA-AB3D-52FE0FEE4599}.Release|Mixed Platforms.ActiveCfg = Release|Any CPU
		{0EA77083-0F93-43EA-AB3D-52FE0FEE4599}.Release|Mixed Platforms.Build.0 = Release|Any CPU
		{0EA77083-0F93-43EA-AB3D-52FE0FEE4599}.Release|Win32.ActiveCfg = Release|Any CPU
		{0EA77083-0F93-43EA-AB3D-52FE0FEE4599}.Release|x86.ActiveCfg = Release|Any CPU
		{4383123E-0886-4BFC-B861-C717CCB02152}.Debug|Any CPU.ActiveCfg = Debug|Any CPU
		{4383123E-0886-4BFC-B861-C717CCB02152}.Debug|Any CPU.Build.0 = Debug|Any CPU
		{4383123E-0886-4BFC-B861-C717CCB02152}.Debug|Mixed Platforms.ActiveCfg = Debug|Any CPU
		{4383123E-0886-4BFC-B861-C717CCB02152}.Debug|Mixed Platforms.Build.0 = Debug|Any CPU
		{4383123E-0886-4BFC-B861-C717CCB02152}.Debug|Win32.ActiveCfg = Debug|Any CPU
		{4383123E-0886-4BFC-B861-C717CCB02152}.Debug|x86.ActiveCfg = Debug|Any CPU
		{4383123E-0886-4BFC-B861-C717CCB02152}.Release|Any CPU.ActiveCfg = Release|Any CPU
		{4383123E-0886-4BFC-B861-C717CCB02152}.Release|Any CPU.Build.0 = Release|Any CPU
		{4383123E-0886-4BFC-B861-C717CCB02152}.Release|Mixed Platforms.ActiveCfg = Release|Any CPU
		{4383123E-0886-4BFC-B861-C717CCB02152}.Release|Mixed Platforms.Build.0 = Release|Any CPU
		{4383123E-0886-4BFC-B861-C717CCB02152}.Release|Win32.ActiveCfg = Release|Any CPU
		{4383123E-0886-4BFC-B861-C717CCB02152}.Release|x86.ActiveCfg = Release|Any CPU
		{17E900D9-A0E6-4F3E-8A00-99F5B8978A07}.Debug|Any CPU.ActiveCfg = Debug|Any CPU
		{17E900D9-A0E6-4F3E-8A00-99F5B8978A07}.Debug|Any CPU.Build.0 = Debug|Any CPU
		{17E900D9-A0E6-4F3E-8A00-99F5B8978A07}.Debug|Mixed Platforms.ActiveCfg = Debug|Any CPU
		{17E900D9-A0E6-4F3E-8A00-99F5B8978A07}.Debug|Mixed Platforms.Build.0 = Debug|Any CPU
		{17E900D9-A0E6-4F3E-8A00-99F5B8978A07}.Debug|Win32.ActiveCfg = Debug|Any CPU
		{17E900D9-A0E6-4F3E-8A00-99F5B8978A07}.Debug|x86.ActiveCfg = Debug|Any CPU
		{17E900D9-A0E6-4F3E-8A00-99F5B8978A07}.Release|Any CPU.ActiveCfg = Release|Any CPU
		{17E900D9-A0E6-4F3E-8A00-99F5B8978A07}.Release|Any CPU.Build.0 = Release|Any CPU
		{17E900D9-A0E6-4F3E-8A00-99F5B8978A07}.Release|Mixed Platforms.ActiveCfg = Release|Any CPU
		{17E900D9-A0E6-4F3E-8A00-99F5B8978A07}.Release|Mixed Platforms.Build.0 = Release|Any CPU
		{17E900D9-A0E6-4F3E-8A00-99F5B8978A07}.Release|Win32.ActiveCfg = Release|Any CPU
		{17E900D9-A0E6-4F3E-8A00-99F5B8978A07}.Release|x86.ActiveCfg = Release|Any CPU
		{64CEF2DB-5B54-4F4F-BEEE-F32C5DC428DB}.Debug|Any CPU.ActiveCfg = Debug|Any CPU
		{64CEF2DB-5B54-4F4F-BEEE-F32C5DC428DB}.Debug|Any CPU.Build.0 = Debug|Any CPU
		{64CEF2DB-5B54-4F4F-BEEE-F32C5DC428DB}.Debug|Mixed Platforms.ActiveCfg = Debug|Any CPU
		{64CEF2DB-5B54-4F4F-BEEE-F32C5DC428DB}.Debug|Mixed Platforms.Build.0 = Debug|Any CPU
		{64CEF2DB-5B54-4F4F-BEEE-F32C5DC428DB}.Debug|Win32.ActiveCfg = Debug|Any CPU
		{64CEF2DB-5B54-4F4F-BEEE-F32C5DC428DB}.Debug|x86.ActiveCfg = Debug|Any CPU
		{64CEF2DB-5B54-4F4F-BEEE-F32C5DC428DB}.Release|Any CPU.ActiveCfg = Release|Any CPU
		{64CEF2DB-5B54-4F4F-BEEE-F32C5DC428DB}.Release|Any CPU.Build.0 = Release|Any CPU
		{64CEF2DB-5B54-4F4F-BEEE-F32C5DC428DB}.Release|Mixed Platforms.ActiveCfg = Release|Any CPU
		{64CEF2DB-5B54-4F4F-BEEE-F32C5DC428DB}.Release|Mixed Platforms.Build.0 = Release|Any CPU
		{64CEF2DB-5B54-4F4F-BEEE-F32C5DC428DB}.Release|Win32.ActiveCfg = Release|Any CPU
		{64CEF2DB-5B54-4F4F-BEEE-F32C5DC428DB}.Release|x86.ActiveCfg = Release|Any CPU
		{45AD857D-00EA-44CF-A3D4-8355DDFE1623}.Debug|Any CPU.ActiveCfg = Debug|Any CPU
		{45AD857D-00EA-44CF-A3D4-8355DDFE1623}.Debug|Any CPU.Build.0 = Debug|Any CPU
		{45AD857D-00EA-44CF-A3D4-8355DDFE1623}.Debug|Mixed Platforms.ActiveCfg = Debug|Any CPU
		{45AD857D-00EA-44CF-A3D4-8355DDFE1623}.Debug|Mixed Platforms.Build.0 = Debug|Any CPU
		{45AD857D-00EA-44CF-A3D4-8355DDFE1623}.Debug|Win32.ActiveCfg = Debug|Any CPU
		{45AD857D-00EA-44CF-A3D4-8355DDFE1623}.Debug|x86.ActiveCfg = Debug|Any CPU
		{45AD857D-00EA-44CF-A3D4-8355DDFE1623}.Release|Any CPU.ActiveCfg = Release|Any CPU
		{45AD857D-00EA-44CF-A3D4-8355DDFE1623}.Release|Any CPU.Build.0 = Release|Any CPU
		{45AD857D-00EA-44CF-A3D4-8355DDFE1623}.Release|Mixed Platforms.ActiveCfg = Release|Any CPU
		{45AD857D-00EA-44CF-A3D4-8355DDFE1623}.Release|Mixed Platforms.Build.0 = Release|Any CPU
		{45AD857D-00EA-44CF-A3D4-8355DDFE1623}.Release|Win32.ActiveCfg = Release|Any CPU
		{45AD857D-00EA-44CF-A3D4-8355DDFE1623}.Release|x86.ActiveCfg = Release|Any CPU
		{F02F94A5-422E-4585-BB7B-160A8C6B488F}.Debug|Any CPU.ActiveCfg = Debug|Any CPU
		{F02F94A5-422E-4585-BB7B-160A8C6B488F}.Debug|Any CPU.Build.0 = Debug|Any CPU
		{F02F94A5-422E-4585-BB7B-160A8C6B488F}.Debug|Mixed Platforms.ActiveCfg = Debug|Any CPU
		{F02F94A5-422E-4585-BB7B-160A8C6B488F}.Debug|Mixed Platforms.Build.0 = Debug|Any CPU
		{F02F94A5-422E-4585-BB7B-160A8C6B488F}.Debug|Win32.ActiveCfg = Debug|Any CPU
		{F02F94A5-422E-4585-BB7B-160A8C6B488F}.Debug|x86.ActiveCfg = Debug|Any CPU
		{F02F94A5-422E-4585-BB7B-160A8C6B488F}.Release|Any CPU.ActiveCfg = Release|Any CPU
		{F02F94A5-422E-4585-BB7B-160A8C6B488F}.Release|Any CPU.Build.0 = Release|Any CPU
		{F02F94A5-422E-4585-BB7B-160A8C6B488F}.Release|Mixed Platforms.ActiveCfg = Release|Any CPU
		{F02F94A5-422E-4585-BB7B-160A8C6B488F}.Release|Mixed Platforms.Build.0 = Release|Any CPU
		{F02F94A5-422E-4585-BB7B-160A8C6B488F}.Release|Win32.ActiveCfg = Release|Any CPU
		{F02F94A5-422E-4585-BB7B-160A8C6B488F}.Release|x86.ActiveCfg = Release|Any CPU
		{4AE3435E-B364-4362-9911-ACAEDC6E1A99}.Debug|Any CPU.ActiveCfg = Debug|Any CPU
		{4AE3435E-B364-4362-9911-ACAEDC6E1A99}.Debug|Any CPU.Build.0 = Debug|Any CPU
		{4AE3435E-B364-4362-9911-ACAEDC6E1A99}.Debug|Mixed Platforms.ActiveCfg = Debug|Any CPU
		{4AE3435E-B364-4362-9911-ACAEDC6E1A99}.Debug|Mixed Platforms.Build.0 = Debug|Any CPU
		{4AE3435E-B364-4362-9911-ACAEDC6E1A99}.Debug|Win32.ActiveCfg = Debug|Any CPU
		{4AE3435E-B364-4362-9911-ACAEDC6E1A99}.Debug|x86.ActiveCfg = Debug|Any CPU
		{4AE3435E-B364-4362-9911-ACAEDC6E1A99}.Release|Any CPU.ActiveCfg = Release|Any CPU
		{4AE3435E-B364-4362-9911-ACAEDC6E1A99}.Release|Any CPU.Build.0 = Release|Any CPU
		{4AE3435E-B364-4362-9911-ACAEDC6E1A99}.Release|Mixed Platforms.ActiveCfg = Release|Any CPU
		{4AE3435E-B364-4362-9911-ACAEDC6E1A99}.Release|Mixed Platforms.Build.0 = Release|Any CPU
		{4AE3435E-B364-4362-9911-ACAEDC6E1A99}.Release|Win32.ActiveCfg = Release|Any CPU
		{4AE3435E-B364-4362-9911-ACAEDC6E1A99}.Release|x86.ActiveCfg = Release|Any CPU
		{DE8A6C27-B315-41E3-82BF-7A3741C7653D}.Debug|Any CPU.ActiveCfg = Debug|Any CPU
		{DE8A6C27-B315-41E3-82BF-7A3741C7653D}.Debug|Any CPU.Build.0 = Debug|Any CPU
		{DE8A6C27-B315-41E3-82BF-7A3741C7653D}.Debug|Mixed Platforms.ActiveCfg = Debug|Any CPU
		{DE8A6C27-B315-41E3-82BF-7A3741C7653D}.Debug|Mixed Platforms.Build.0 = Debug|Any CPU
		{DE8A6C27-B315-41E3-82BF-7A3741C7653D}.Debug|Win32.ActiveCfg = Debug|Any CPU
		{DE8A6C27-B315-41E3-82BF-7A3741C7653D}.Debug|x86.ActiveCfg = Debug|Any CPU
		{DE8A6C27-B315-41E3-82BF-7A3741C7653D}.Release|Any CPU.ActiveCfg = Release|Any CPU
		{DE8A6C27-B315-41E3-82BF-7A3741C7653D}.Release|Any CPU.Build.0 = Release|Any CPU
		{DE8A6C27-B315-41E3-82BF-7A3741C7653D}.Release|Mixed Platforms.ActiveCfg = Release|Any CPU
		{DE8A6C27-B315-41E3-82BF-7A3741C7653D}.Release|Mixed Platforms.Build.0 = Release|Any CPU
		{DE8A6C27-B315-41E3-82BF-7A3741C7653D}.Release|Win32.ActiveCfg = Release|Any CPU
		{DE8A6C27-B315-41E3-82BF-7A3741C7653D}.Release|x86.ActiveCfg = Release|Any CPU
		{63D7BDD6-78BE-46B8-9BD3-E2026E34F4CB}.Debug|Any CPU.ActiveCfg = Debug|Any CPU
		{63D7BDD6-78BE-46B8-9BD3-E2026E34F4CB}.Debug|Any CPU.Build.0 = Debug|Any CPU
		{63D7BDD6-78BE-46B8-9BD3-E2026E34F4CB}.Debug|Mixed Platforms.ActiveCfg = Debug|Any CPU
		{63D7BDD6-78BE-46B8-9BD3-E2026E34F4CB}.Debug|Mixed Platforms.Build.0 = Debug|Any CPU
		{63D7BDD6-78BE-46B8-9BD3-E2026E34F4CB}.Debug|Win32.ActiveCfg = Debug|Any CPU
		{63D7BDD6-78BE-46B8-9BD3-E2026E34F4CB}.Debug|x86.ActiveCfg = Debug|Any CPU
		{63D7BDD6-78BE-46B8-9BD3-E2026E34F4CB}.Release|Any CPU.ActiveCfg = Release|Any CPU
		{63D7BDD6-78BE-46B8-9BD3-E2026E34F4CB}.Release|Any CPU.Build.0 = Release|Any CPU
		{63D7BDD6-78BE-46B8-9BD3-E2026E34F4CB}.Release|Mixed Platforms.ActiveCfg = Release|Any CPU
		{63D7BDD6-78BE-46B8-9BD3-E2026E34F4CB}.Release|Mixed Platforms.Build.0 = Release|Any CPU
		{63D7BDD6-78BE-46B8-9BD3-E2026E34F4CB}.Release|Win32.ActiveCfg = Release|Any CPU
		{63D7BDD6-78BE-46B8-9BD3-E2026E34F4CB}.Release|x86.ActiveCfg = Release|Any CPU
		{A3E6A831-894F-45BB-967D-68695685A4EE}.Debug|Any CPU.ActiveCfg = Debug|Any CPU
		{A3E6A831-894F-45BB-967D-68695685A4EE}.Debug|Any CPU.Build.0 = Debug|Any CPU
		{A3E6A831-894F-45BB-967D-68695685A4EE}.Debug|Mixed Platforms.ActiveCfg = Debug|Any CPU
		{A3E6A831-894F-45BB-967D-68695685A4EE}.Debug|Mixed Platforms.Build.0 = Debug|Any CPU
		{A3E6A831-894F-45BB-967D-68695685A4EE}.Debug|Win32.ActiveCfg = Debug|Any CPU
		{A3E6A831-894F-45BB-967D-68695685A4EE}.Debug|x86.ActiveCfg = Debug|Any CPU
		{A3E6A831-894F-45BB-967D-68695685A4EE}.Release|Any CPU.ActiveCfg = Release|Any CPU
		{A3E6A831-894F-45BB-967D-68695685A4EE}.Release|Any CPU.Build.0 = Release|Any CPU
		{A3E6A831-894F-45BB-967D-68695685A4EE}.Release|Mixed Platforms.ActiveCfg = Release|Any CPU
		{A3E6A831-894F-45BB-967D-68695685A4EE}.Release|Mixed Platforms.Build.0 = Release|Any CPU
		{A3E6A831-894F-45BB-967D-68695685A4EE}.Release|Win32.ActiveCfg = Release|Any CPU
		{A3E6A831-894F-45BB-967D-68695685A4EE}.Release|x86.ActiveCfg = Release|Any CPU
		{73C14DD4-6080-4CCB-9728-E2BA4373C5EF}.Debug|Any CPU.ActiveCfg = Debug|x86
		{73C14DD4-6080-4CCB-9728-E2BA4373C5EF}.Debug|Mixed Platforms.ActiveCfg = Debug|x86
		{73C14DD4-6080-4CCB-9728-E2BA4373C5EF}.Debug|Win32.ActiveCfg = Debug|x86
		{73C14DD4-6080-4CCB-9728-E2BA4373C5EF}.Debug|x86.ActiveCfg = Debug|x86
		{73C14DD4-6080-4CCB-9728-E2BA4373C5EF}.Debug|x86.Build.0 = Debug|x86
		{73C14DD4-6080-4CCB-9728-E2BA4373C5EF}.Release|Any CPU.ActiveCfg = Release|x86
		{73C14DD4-6080-4CCB-9728-E2BA4373C5EF}.Release|Mixed Platforms.ActiveCfg = Release|x86
		{73C14DD4-6080-4CCB-9728-E2BA4373C5EF}.Release|Mixed Platforms.Build.0 = Release|x86
		{73C14DD4-6080-4CCB-9728-E2BA4373C5EF}.Release|Win32.ActiveCfg = Release|x86
		{73C14DD4-6080-4CCB-9728-E2BA4373C5EF}.Release|x86.ActiveCfg = Release|x86
		{73C14DD4-6080-4CCB-9728-E2BA4373C5EF}.Release|x86.Build.0 = Release|x86
		{D1243C40-69A0-4017-9ECA-194DE539DF83}.Debug|Any CPU.ActiveCfg = Debug|Any CPU
		{D1243C40-69A0-4017-9ECA-194DE539DF83}.Debug|Any CPU.Build.0 = Debug|Any CPU
		{D1243C40-69A0-4017-9ECA-194DE539DF83}.Debug|Mixed Platforms.ActiveCfg = Debug|Any CPU
		{D1243C40-69A0-4017-9ECA-194DE539DF83}.Debug|Mixed Platforms.Build.0 = Debug|Any CPU
		{D1243C40-69A0-4017-9ECA-194DE539DF83}.Debug|Win32.ActiveCfg = Debug|Any CPU
		{D1243C40-69A0-4017-9ECA-194DE539DF83}.Debug|x86.ActiveCfg = Debug|Any CPU
		{D1243C40-69A0-4017-9ECA-194DE539DF83}.Release|Any CPU.ActiveCfg = Release|Any CPU
		{D1243C40-69A0-4017-9ECA-194DE539DF83}.Release|Any CPU.Build.0 = Release|Any CPU
		{D1243C40-69A0-4017-9ECA-194DE539DF83}.Release|Mixed Platforms.ActiveCfg = Release|Any CPU
		{D1243C40-69A0-4017-9ECA-194DE539DF83}.Release|Mixed Platforms.Build.0 = Release|Any CPU
		{D1243C40-69A0-4017-9ECA-194DE539DF83}.Release|Win32.ActiveCfg = Release|Any CPU
		{D1243C40-69A0-4017-9ECA-194DE539DF83}.Release|x86.ActiveCfg = Release|Any CPU
		{79E45658-6D89-4164-B1B1-0315316F7E4D}.Debug|Any CPU.ActiveCfg = Debug|Win32
		{79E45658-6D89-4164-B1B1-0315316F7E4D}.Debug|Mixed Platforms.ActiveCfg = Debug|Win32
		{79E45658-6D89-4164-B1B1-0315316F7E4D}.Debug|Mixed Platforms.Build.0 = Debug|Win32
		{79E45658-6D89-4164-B1B1-0315316F7E4D}.Debug|Win32.ActiveCfg = Debug|Win32
		{79E45658-6D89-4164-B1B1-0315316F7E4D}.Debug|Win32.Build.0 = Debug|Win32
		{79E45658-6D89-4164-B1B1-0315316F7E4D}.Debug|x86.ActiveCfg = Debug|Win32
		{79E45658-6D89-4164-B1B1-0315316F7E4D}.Release|Any CPU.ActiveCfg = Release|Win32
		{79E45658-6D89-4164-B1B1-0315316F7E4D}.Release|Mixed Platforms.ActiveCfg = Release|Win32
		{79E45658-6D89-4164-B1B1-0315316F7E4D}.Release|Mixed Platforms.Build.0 = Release|Win32
		{79E45658-6D89-4164-B1B1-0315316F7E4D}.Release|Win32.ActiveCfg = Release|Win32
		{79E45658-6D89-4164-B1B1-0315316F7E4D}.Release|Win32.Build.0 = Release|Win32
		{79E45658-6D89-4164-B1B1-0315316F7E4D}.Release|x86.ActiveCfg = Release|Win32
		{6D58FE29-7F53-4710-B720-A9D15A20A0DA}.Debug|Any CPU.ActiveCfg = Debug|Win32
		{6D58FE29-7F53-4710-B720-A9D15A20A0DA}.Debug|Mixed Platforms.ActiveCfg = Debug|Win32
		{6D58FE29-7F53-4710-B720-A9D15A20A0DA}.Debug|Mixed Platforms.Build.0 = Debug|Win32
		{6D58FE29-7F53-4710-B720-A9D15A20A0DA}.Debug|Win32.ActiveCfg = Debug|Win32
		{6D58FE29-7F53-4710-B720-A9D15A20A0DA}.Debug|Win32.Build.0 = Debug|Win32
		{6D58FE29-7F53-4710-B720-A9D15A20A0DA}.Debug|x86.ActiveCfg = Debug|Win32
		{6D58FE29-7F53-4710-B720-A9D15A20A0DA}.Release|Any CPU.ActiveCfg = Release|Win32
		{6D58FE29-7F53-4710-B720-A9D15A20A0DA}.Release|Mixed Platforms.ActiveCfg = Release|Win32
		{6D58FE29-7F53-4710-B720-A9D15A20A0DA}.Release|Mixed Platforms.Build.0 = Release|Win32
		{6D58FE29-7F53-4710-B720-A9D15A20A0DA}.Release|Win32.ActiveCfg = Release|Win32
		{6D58FE29-7F53-4710-B720-A9D15A20A0DA}.Release|Win32.Build.0 = Release|Win32
		{6D58FE29-7F53-4710-B720-A9D15A20A0DA}.Release|x86.ActiveCfg = Release|Win32
	EndGlobalSection
	GlobalSection(SolutionProperties) = preSolution
		HideSolutionNode = FALSE
	EndGlobalSection
	GlobalSection(NestedProjects) = preSolution
		{81320140-BA96-4316-AF77-34CD16952DB0} = {5371A387-4AAD-472B-B6F8-3A85C553790E}
		{CDB3DD8E-7178-42A5-BA0E-F0FABC627B46} = {5371A387-4AAD-472B-B6F8-3A85C553790E}
		{9004E34C-2D35-40EE-BE98-C1AED18081CF} = {5371A387-4AAD-472B-B6F8-3A85C553790E}
		{69561EF0-26F3-4190-89EA-AAE937A5D88F} = {5371A387-4AAD-472B-B6F8-3A85C553790E}
		{0EA77083-0F93-43EA-AB3D-52FE0FEE4599} = {5371A387-4AAD-472B-B6F8-3A85C553790E}
		{3C90D87C-3525-4D90-B32D-CD9B56B20D99} = {5371A387-4AAD-472B-B6F8-3A85C553790E}
		{F02F94A5-422E-4585-BB7B-160A8C6B488F} = {5371A387-4AAD-472B-B6F8-3A85C553790E}
		{0A46B99F-8A61-4544-8B1D-E5117DABBD90} = {68BADD68-6C2C-4D04-BCD9-84E851FF97C1}
		{513FE4C0-362B-4109-AD91-C818B83B628D} = {68BADD68-6C2C-4D04-BCD9-84E851FF97C1}
		{45AD857D-00EA-44CF-A3D4-8355DDFE1623} = {68BADD68-6C2C-4D04-BCD9-84E851FF97C1}
		{F303A189-1B53-4FF6-B6AC-8972444A6B7B} = {416184BA-24AD-4632-8186-653DFE779B77}
		{DE8A6C27-B315-41E3-82BF-7A3741C7653D} = {416184BA-24AD-4632-8186-653DFE779B77}
		{63D7BDD6-78BE-46B8-9BD3-E2026E34F4CB} = {416184BA-24AD-4632-8186-653DFE779B77}
		{17E900D9-A0E6-4F3E-8A00-99F5B8978A07} = {2403EEAF-B8B8-43D7-AA7C-A22D42755415}
		{64CEF2DB-5B54-4F4F-BEEE-F32C5DC428DB} = {2403EEAF-B8B8-43D7-AA7C-A22D42755415}
		{4383123E-0886-4BFC-B861-C717CCB02152} = {2403EEAF-B8B8-43D7-AA7C-A22D42755415}
		{4AE3435E-B364-4362-9911-ACAEDC6E1A99} = {2403EEAF-B8B8-43D7-AA7C-A22D42755415}
		{A3E6A831-894F-45BB-967D-68695685A4EE} = {2403EEAF-B8B8-43D7-AA7C-A22D42755415}
		{D1243C40-69A0-4017-9ECA-194DE539DF83} = {23CFFDFB-F876-4721-A895-7DED3B3FE8F6}
		{79E45658-6D89-4164-B1B1-0315316F7E4D} = {23CFFDFB-F876-4721-A895-7DED3B3FE8F6}
		{6D58FE29-7F53-4710-B720-A9D15A20A0DA} = {23CFFDFB-F876-4721-A895-7DED3B3FE8F6}
	EndGlobalSection
EndGlobal
