
Microsoft Visual Studio Solution File, Format Version 10.00
# Visual Studio 2008
Project("{FAE04EC0-301F-11D3-BF4B-00C04F79EFBC}") = "H8", "H8\H8.csproj", "{3C90D87C-3525-4D90-B32D-CD9B56B20D99}"
EndProject
Project("{FAE04EC0-301F-11D3-BF4B-00C04F79EFBC}") = "DotWeb.Core", "DotWeb.Core\DotWeb.Core.csproj", "{BCCD4CAF-5157-41B9-9A60-95C32FD3C7D2}"
EndProject
Project("{FAE04EC0-301F-11D3-BF4B-00C04F79EFBC}") = "DotWeb.Client.Dom", "HtmlDom\DotWeb.Client.Dom.csproj", "{0A46B99F-8A61-4544-8B1D-E5117DABBD90}"
EndProject
Project("{FAE04EC0-301F-11D3-BF4B-00C04F79EFBC}") = "H8.CLI", "H8.CLI\H8.CLI.csproj", "{E13C749E-8675-4307-96BC-FE3263296C62}"
EndProject
Project("{FAE04EC0-301F-11D3-BF4B-00C04F79EFBC}") = "H8.Test", "H8.Test\H8.Test.csproj", "{833EE230-4A9E-41D6-A0BC-E0ABF05753F6}"
EndProject
Project("{2150E333-8FDC-42A3-9474-1A3956D46DE8}") = "Solution Items", "Solution Items", "{196832FA-5DBB-45ED-8FA9-42E8C702E413}"
	ProjectSection(SolutionItems) = preProject
		H8.vsmdi = H8.vsmdi
		LocalTestRun.testrunconfig = LocalTestRun.testrunconfig
	EndProjectSection
EndProject
Project("{FAE04EC0-301F-11D3-BF4B-00C04F79EFBC}") = "H8.MVC", "H8.MVC\H8.MVC.csproj", "{2350D2AD-CE9D-41F7-AB47-18D2824FADD2}"
EndProject
Project("{FAE04EC0-301F-11D3-BF4B-00C04F79EFBC}") = "Ext", "Ext\Ext.csproj", "{66530ECC-B564-4F33-A297-0E96189E64B6}"
EndProject
Project("{FAE04EC0-301F-11D3-BF4B-00C04F79EFBC}") = "H8.Web", "H8.Web\H8.Web.csproj", "{81320140-BA96-4316-AF77-34CD16952DB0}"
EndProject
Project("{FAE04EC0-301F-11D3-BF4B-00C04F79EFBC}") = "Twinkie", "Twinkie\Twinkie.csproj", "{28CB0949-C964-47B6-A5E4-38B2D32D4EFE}"
EndProject
Project("{FAE04EC0-301F-11D3-BF4B-00C04F79EFBC}") = "DotWeb.Hosting.Bridge", "DotWeb.Hosting.Bridge\DotWeb.Hosting.Bridge.csproj", "{CDB3DD8E-7178-42A5-BA0E-F0FABC627B46}"
EndProject
Project("{FAE04EC0-301F-11D3-BF4B-00C04F79EFBC}") = "DotWeb.Hosting.Agent", "DotWeb.Hosting.Agent\DotWeb.Hosting.Agent.csproj", "{D1243C40-69A0-4017-9ECA-194DE539DF83}"
EndProject
Project("{FAE04EC0-301F-11D3-BF4B-00C04F79EFBC}") = "DotWeb.Hosting", "DotWeb.Hosting\DotWeb.Hosting.csproj", "{9004E34C-2D35-40EE-BE98-C1AED18081CF}"
EndProject
Project("{8BC9CEB8-8B4A-11D0-8D11-00A0C91BC942}") = "DotWeb.Interop.Com", "DotWeb.Interop.Com\DotWeb.Interop.Com.vcproj", "{79E45658-6D89-4164-B1B1-0315316F7E4D}"
EndProject
Global
	GlobalSection(TestCaseManagementSettings) = postSolution
		CategoryFile = H8.vsmdi
	EndGlobalSection
	GlobalSection(SolutionConfigurationPlatforms) = preSolution
		Debug|Any CPU = Debug|Any CPU
		Debug|Mixed Platforms = Debug|Mixed Platforms
		Debug|Win32 = Debug|Win32
		Release|Any CPU = Release|Any CPU
		Release|Mixed Platforms = Release|Mixed Platforms
		Release|Win32 = Release|Win32
	EndGlobalSection
	GlobalSection(ProjectConfigurationPlatforms) = postSolution
		{3C90D87C-3525-4D90-B32D-CD9B56B20D99}.Debug|Any CPU.ActiveCfg = Debug|Any CPU
		{3C90D87C-3525-4D90-B32D-CD9B56B20D99}.Debug|Any CPU.Build.0 = Debug|Any CPU
		{3C90D87C-3525-4D90-B32D-CD9B56B20D99}.Debug|Mixed Platforms.ActiveCfg = Debug|Any CPU
		{3C90D87C-3525-4D90-B32D-CD9B56B20D99}.Debug|Mixed Platforms.Build.0 = Debug|Any CPU
		{3C90D87C-3525-4D90-B32D-CD9B56B20D99}.Debug|Win32.ActiveCfg = Debug|Any CPU
		{3C90D87C-3525-4D90-B32D-CD9B56B20D99}.Release|Any CPU.ActiveCfg = Release|Any CPU
		{3C90D87C-3525-4D90-B32D-CD9B56B20D99}.Release|Any CPU.Build.0 = Release|Any CPU
		{3C90D87C-3525-4D90-B32D-CD9B56B20D99}.Release|Mixed Platforms.ActiveCfg = Release|Any CPU
		{3C90D87C-3525-4D90-B32D-CD9B56B20D99}.Release|Mixed Platforms.Build.0 = Release|Any CPU
		{3C90D87C-3525-4D90-B32D-CD9B56B20D99}.Release|Win32.ActiveCfg = Release|Any CPU
		{BCCD4CAF-5157-41B9-9A60-95C32FD3C7D2}.Debug|Any CPU.ActiveCfg = Debug|Any CPU
		{BCCD4CAF-5157-41B9-9A60-95C32FD3C7D2}.Debug|Any CPU.Build.0 = Debug|Any CPU
		{BCCD4CAF-5157-41B9-9A60-95C32FD3C7D2}.Debug|Mixed Platforms.ActiveCfg = Debug|Any CPU
		{BCCD4CAF-5157-41B9-9A60-95C32FD3C7D2}.Debug|Mixed Platforms.Build.0 = Debug|Any CPU
		{BCCD4CAF-5157-41B9-9A60-95C32FD3C7D2}.Debug|Win32.ActiveCfg = Debug|Any CPU
		{BCCD4CAF-5157-41B9-9A60-95C32FD3C7D2}.Release|Any CPU.ActiveCfg = Release|Any CPU
		{BCCD4CAF-5157-41B9-9A60-95C32FD3C7D2}.Release|Any CPU.Build.0 = Release|Any CPU
		{BCCD4CAF-5157-41B9-9A60-95C32FD3C7D2}.Release|Mixed Platforms.ActiveCfg = Release|Any CPU
		{BCCD4CAF-5157-41B9-9A60-95C32FD3C7D2}.Release|Mixed Platforms.Build.0 = Release|Any CPU
		{BCCD4CAF-5157-41B9-9A60-95C32FD3C7D2}.Release|Win32.ActiveCfg = Release|Any CPU
		{0A46B99F-8A61-4544-8B1D-E5117DABBD90}.Debug|Any CPU.ActiveCfg = Debug|Any CPU
		{0A46B99F-8A61-4544-8B1D-E5117DABBD90}.Debug|Any CPU.Build.0 = Debug|Any CPU
		{0A46B99F-8A61-4544-8B1D-E5117DABBD90}.Debug|Mixed Platforms.ActiveCfg = Debug|Any CPU
		{0A46B99F-8A61-4544-8B1D-E5117DABBD90}.Debug|Mixed Platforms.Build.0 = Debug|Any CPU
		{0A46B99F-8A61-4544-8B1D-E5117DABBD90}.Debug|Win32.ActiveCfg = Debug|Any CPU
		{0A46B99F-8A61-4544-8B1D-E5117DABBD90}.Release|Any CPU.ActiveCfg = Release|Any CPU
		{0A46B99F-8A61-4544-8B1D-E5117DABBD90}.Release|Any CPU.Build.0 = Release|Any CPU
		{0A46B99F-8A61-4544-8B1D-E5117DABBD90}.Release|Mixed Platforms.ActiveCfg = Release|Any CPU
		{0A46B99F-8A61-4544-8B1D-E5117DABBD90}.Release|Mixed Platforms.Build.0 = Release|Any CPU
		{0A46B99F-8A61-4544-8B1D-E5117DABBD90}.Release|Win32.ActiveCfg = Release|Any CPU
		{E13C749E-8675-4307-96BC-FE3263296C62}.Debug|Any CPU.ActiveCfg = Debug|Any CPU
		{E13C749E-8675-4307-96BC-FE3263296C62}.Debug|Any CPU.Build.0 = Debug|Any CPU
		{E13C749E-8675-4307-96BC-FE3263296C62}.Debug|Mixed Platforms.ActiveCfg = Debug|Any CPU
		{E13C749E-8675-4307-96BC-FE3263296C62}.Debug|Mixed Platforms.Build.0 = Debug|Any CPU
		{E13C749E-8675-4307-96BC-FE3263296C62}.Debug|Win32.ActiveCfg = Debug|Any CPU
		{E13C749E-8675-4307-96BC-FE3263296C62}.Release|Any CPU.ActiveCfg = Release|Any CPU
		{E13C749E-8675-4307-96BC-FE3263296C62}.Release|Any CPU.Build.0 = Release|Any CPU
		{E13C749E-8675-4307-96BC-FE3263296C62}.Release|Mixed Platforms.ActiveCfg = Release|Any CPU
		{E13C749E-8675-4307-96BC-FE3263296C62}.Release|Mixed Platforms.Build.0 = Release|Any CPU
		{E13C749E-8675-4307-96BC-FE3263296C62}.Release|Win32.ActiveCfg = Release|Any CPU
		{833EE230-4A9E-41D6-A0BC-E0ABF05753F6}.Debug|Any CPU.ActiveCfg = Debug|Any CPU
		{833EE230-4A9E-41D6-A0BC-E0ABF05753F6}.Debug|Any CPU.Build.0 = Debug|Any CPU
		{833EE230-4A9E-41D6-A0BC-E0ABF05753F6}.Debug|Mixed Platforms.ActiveCfg = Debug|Any CPU
		{833EE230-4A9E-41D6-A0BC-E0ABF05753F6}.Debug|Mixed Platforms.Build.0 = Debug|Any CPU
		{833EE230-4A9E-41D6-A0BC-E0ABF05753F6}.Debug|Win32.ActiveCfg = Debug|Any CPU
		{833EE230-4A9E-41D6-A0BC-E0ABF05753F6}.Release|Any CPU.ActiveCfg = Release|Any CPU
		{833EE230-4A9E-41D6-A0BC-E0ABF05753F6}.Release|Any CPU.Build.0 = Release|Any CPU
		{833EE230-4A9E-41D6-A0BC-E0ABF05753F6}.Release|Mixed Platforms.ActiveCfg = Release|Any CPU
		{833EE230-4A9E-41D6-A0BC-E0ABF05753F6}.Release|Mixed Platforms.Build.0 = Release|Any CPU
		{833EE230-4A9E-41D6-A0BC-E0ABF05753F6}.Release|Win32.ActiveCfg = Release|Any CPU
		{2350D2AD-CE9D-41F7-AB47-18D2824FADD2}.Debug|Any CPU.ActiveCfg = Debug|Any CPU
		{2350D2AD-CE9D-41F7-AB47-18D2824FADD2}.Debug|Any CPU.Build.0 = Debug|Any CPU
		{2350D2AD-CE9D-41F7-AB47-18D2824FADD2}.Debug|Mixed Platforms.ActiveCfg = Debug|Any CPU
		{2350D2AD-CE9D-41F7-AB47-18D2824FADD2}.Debug|Mixed Platforms.Build.0 = Debug|Any CPU
		{2350D2AD-CE9D-41F7-AB47-18D2824FADD2}.Debug|Win32.ActiveCfg = Debug|Any CPU
		{2350D2AD-CE9D-41F7-AB47-18D2824FADD2}.Release|Any CPU.ActiveCfg = Release|Any CPU
		{2350D2AD-CE9D-41F7-AB47-18D2824FADD2}.Release|Any CPU.Build.0 = Release|Any CPU
		{2350D2AD-CE9D-41F7-AB47-18D2824FADD2}.Release|Mixed Platforms.ActiveCfg = Release|Any CPU
		{2350D2AD-CE9D-41F7-AB47-18D2824FADD2}.Release|Mixed Platforms.Build.0 = Release|Any CPU
		{2350D2AD-CE9D-41F7-AB47-18D2824FADD2}.Release|Win32.ActiveCfg = Release|Any CPU
		{66530ECC-B564-4F33-A297-0E96189E64B6}.Debug|Any CPU.ActiveCfg = Debug|Any CPU
		{66530ECC-B564-4F33-A297-0E96189E64B6}.Debug|Any CPU.Build.0 = Debug|Any CPU
		{66530ECC-B564-4F33-A297-0E96189E64B6}.Debug|Mixed Platforms.ActiveCfg = Debug|Any CPU
		{66530ECC-B564-4F33-A297-0E96189E64B6}.Debug|Mixed Platforms.Build.0 = Debug|Any CPU
		{66530ECC-B564-4F33-A297-0E96189E64B6}.Debug|Win32.ActiveCfg = Debug|Any CPU
		{66530ECC-B564-4F33-A297-0E96189E64B6}.Release|Any CPU.ActiveCfg = Release|Any CPU
		{66530ECC-B564-4F33-A297-0E96189E64B6}.Release|Any CPU.Build.0 = Release|Any CPU
		{66530ECC-B564-4F33-A297-0E96189E64B6}.Release|Mixed Platforms.ActiveCfg = Release|Any CPU
		{66530ECC-B564-4F33-A297-0E96189E64B6}.Release|Mixed Platforms.Build.0 = Release|Any CPU
		{66530ECC-B564-4F33-A297-0E96189E64B6}.Release|Win32.ActiveCfg = Release|Any CPU
		{81320140-BA96-4316-AF77-34CD16952DB0}.Debug|Any CPU.ActiveCfg = Debug|Any CPU
		{81320140-BA96-4316-AF77-34CD16952DB0}.Debug|Any CPU.Build.0 = Debug|Any CPU
		{81320140-BA96-4316-AF77-34CD16952DB0}.Debug|Mixed Platforms.ActiveCfg = Debug|Any CPU
		{81320140-BA96-4316-AF77-34CD16952DB0}.Debug|Mixed Platforms.Build.0 = Debug|Any CPU
		{81320140-BA96-4316-AF77-34CD16952DB0}.Debug|Win32.ActiveCfg = Debug|Any CPU
		{81320140-BA96-4316-AF77-34CD16952DB0}.Release|Any CPU.ActiveCfg = Release|Any CPU
		{81320140-BA96-4316-AF77-34CD16952DB0}.Release|Any CPU.Build.0 = Release|Any CPU
		{81320140-BA96-4316-AF77-34CD16952DB0}.Release|Mixed Platforms.ActiveCfg = Release|Any CPU
		{81320140-BA96-4316-AF77-34CD16952DB0}.Release|Mixed Platforms.Build.0 = Release|Any CPU
		{81320140-BA96-4316-AF77-34CD16952DB0}.Release|Win32.ActiveCfg = Release|Any CPU
		{28CB0949-C964-47B6-A5E4-38B2D32D4EFE}.Debug|Any CPU.ActiveCfg = Debug|Any CPU
		{28CB0949-C964-47B6-A5E4-38B2D32D4EFE}.Debug|Any CPU.Build.0 = Debug|Any CPU
		{28CB0949-C964-47B6-A5E4-38B2D32D4EFE}.Debug|Mixed Platforms.ActiveCfg = Debug|Any CPU
		{28CB0949-C964-47B6-A5E4-38B2D32D4EFE}.Debug|Mixed Platforms.Build.0 = Debug|Any CPU
		{28CB0949-C964-47B6-A5E4-38B2D32D4EFE}.Debug|Win32.ActiveCfg = Debug|Any CPU
		{28CB0949-C964-47B6-A5E4-38B2D32D4EFE}.Release|Any CPU.ActiveCfg = Release|Any CPU
		{28CB0949-C964-47B6-A5E4-38B2D32D4EFE}.Release|Any CPU.Build.0 = Release|Any CPU
		{28CB0949-C964-47B6-A5E4-38B2D32D4EFE}.Release|Mixed Platforms.ActiveCfg = Release|Any CPU
		{28CB0949-C964-47B6-A5E4-38B2D32D4EFE}.Release|Mixed Platforms.Build.0 = Release|Any CPU
		{28CB0949-C964-47B6-A5E4-38B2D32D4EFE}.Release|Win32.ActiveCfg = Release|Any CPU
		{CDB3DD8E-7178-42A5-BA0E-F0FABC627B46}.Debug|Any CPU.ActiveCfg = Debug|Any CPU
		{CDB3DD8E-7178-42A5-BA0E-F0FABC627B46}.Debug|Any CPU.Build.0 = Debug|Any CPU
		{CDB3DD8E-7178-42A5-BA0E-F0FABC627B46}.Debug|Mixed Platforms.ActiveCfg = Debug|Any CPU
		{CDB3DD8E-7178-42A5-BA0E-F0FABC627B46}.Debug|Mixed Platforms.Build.0 = Debug|Any CPU
		{CDB3DD8E-7178-42A5-BA0E-F0FABC627B46}.Debug|Win32.ActiveCfg = Debug|Any CPU
		{CDB3DD8E-7178-42A5-BA0E-F0FABC627B46}.Release|Any CPU.ActiveCfg = Release|Any CPU
		{CDB3DD8E-7178-42A5-BA0E-F0FABC627B46}.Release|Any CPU.Build.0 = Release|Any CPU
		{CDB3DD8E-7178-42A5-BA0E-F0FABC627B46}.Release|Mixed Platforms.ActiveCfg = Release|Any CPU
		{CDB3DD8E-7178-42A5-BA0E-F0FABC627B46}.Release|Mixed Platforms.Build.0 = Release|Any CPU
		{CDB3DD8E-7178-42A5-BA0E-F0FABC627B46}.Release|Win32.ActiveCfg = Release|Any CPU
		{D1243C40-69A0-4017-9ECA-194DE539DF83}.Debug|Any CPU.ActiveCfg = Debug|Any CPU
		{D1243C40-69A0-4017-9ECA-194DE539DF83}.Debug|Any CPU.Build.0 = Debug|Any CPU
		{D1243C40-69A0-4017-9ECA-194DE539DF83}.Debug|Mixed Platforms.ActiveCfg = Debug|Any CPU
		{D1243C40-69A0-4017-9ECA-194DE539DF83}.Debug|Mixed Platforms.Build.0 = Debug|Any CPU
		{D1243C40-69A0-4017-9ECA-194DE539DF83}.Debug|Win32.ActiveCfg = Debug|Any CPU
		{D1243C40-69A0-4017-9ECA-194DE539DF83}.Release|Any CPU.ActiveCfg = Release|Any CPU
		{D1243C40-69A0-4017-9ECA-194DE539DF83}.Release|Any CPU.Build.0 = Release|Any CPU
		{D1243C40-69A0-4017-9ECA-194DE539DF83}.Release|Mixed Platforms.ActiveCfg = Release|Any CPU
		{D1243C40-69A0-4017-9ECA-194DE539DF83}.Release|Mixed Platforms.Build.0 = Release|Any CPU
		{D1243C40-69A0-4017-9ECA-194DE539DF83}.Release|Win32.ActiveCfg = Release|Any CPU
		{9004E34C-2D35-40EE-BE98-C1AED18081CF}.Debug|Any CPU.ActiveCfg = Debug|Any CPU
		{9004E34C-2D35-40EE-BE98-C1AED18081CF}.Debug|Any CPU.Build.0 = Debug|Any CPU
		{9004E34C-2D35-40EE-BE98-C1AED18081CF}.Debug|Mixed Platforms.ActiveCfg = Debug|Any CPU
		{9004E34C-2D35-40EE-BE98-C1AED18081CF}.Debug|Mixed Platforms.Build.0 = Debug|Any CPU
		{9004E34C-2D35-40EE-BE98-C1AED18081CF}.Debug|Win32.ActiveCfg = Debug|Any CPU
		{9004E34C-2D35-40EE-BE98-C1AED18081CF}.Release|Any CPU.ActiveCfg = Release|Any CPU
		{9004E34C-2D35-40EE-BE98-C1AED18081CF}.Release|Any CPU.Build.0 = Release|Any CPU
		{9004E34C-2D35-40EE-BE98-C1AED18081CF}.Release|Mixed Platforms.ActiveCfg = Release|Any CPU
		{9004E34C-2D35-40EE-BE98-C1AED18081CF}.Release|Mixed Platforms.Build.0 = Release|Any CPU
		{9004E34C-2D35-40EE-BE98-C1AED18081CF}.Release|Win32.ActiveCfg = Release|Any CPU
		{79E45658-6D89-4164-B1B1-0315316F7E4D}.Debug|Any CPU.ActiveCfg = Debug|Win32
		{79E45658-6D89-4164-B1B1-0315316F7E4D}.Debug|Mixed Platforms.ActiveCfg = Debug|Win32
		{79E45658-6D89-4164-B1B1-0315316F7E4D}.Debug|Mixed Platforms.Build.0 = Debug|Win32
		{79E45658-6D89-4164-B1B1-0315316F7E4D}.Debug|Win32.ActiveCfg = Debug|Win32
		{79E45658-6D89-4164-B1B1-0315316F7E4D}.Debug|Win32.Build.0 = Debug|Win32
		{79E45658-6D89-4164-B1B1-0315316F7E4D}.Release|Any CPU.ActiveCfg = Release|Win32
		{79E45658-6D89-4164-B1B1-0315316F7E4D}.Release|Mixed Platforms.ActiveCfg = Release|Win32
		{79E45658-6D89-4164-B1B1-0315316F7E4D}.Release|Mixed Platforms.Build.0 = Release|Win32
		{79E45658-6D89-4164-B1B1-0315316F7E4D}.Release|Win32.ActiveCfg = Release|Win32
		{79E45658-6D89-4164-B1B1-0315316F7E4D}.Release|Win32.Build.0 = Release|Win32
	EndGlobalSection
	GlobalSection(SolutionProperties) = preSolution
		HideSolutionNode = FALSE
	EndGlobalSection
EndGlobal
