
Microsoft Visual Studio Solution File, Format Version 10.00
# Visual Studio 2008
Project("{FAE04EC0-301F-11D3-BF4B-00C04F79EFBC}") = "DotWeb.Sandbox", "DotWeb.Sandbox\DotWeb.Sandbox.csproj", "{1711FFA0-4868-4B04-A6A7-90E8B7294D9C}"
EndProject
Project("{FAE04EC0-301F-11D3-BF4B-00C04F79EFBC}") = "DotWeb.Client", "..\..\src\DotWeb.Client\DotWeb.Client.csproj", "{0A46B99F-8A61-4544-8B1D-E5117DABBD90}"
EndProject
Project("{FAE04EC0-301F-11D3-BF4B-00C04F79EFBC}") = "DotWeb.Hosting", "..\..\src\DotWeb.Hosting\DotWeb.Hosting.csproj", "{9004E34C-2D35-40EE-BE98-C1AED18081CF}"
EndProject
Project("{FAE04EC0-301F-11D3-BF4B-00C04F79EFBC}") = "DotWeb.Hosting.Bridge", "..\..\src\DotWeb.Hosting.Bridge\DotWeb.Hosting.Bridge.csproj", "{CDB3DD8E-7178-42A5-BA0E-F0FABC627B46}"
EndProject
Project("{FAE04EC0-301F-11D3-BF4B-00C04F79EFBC}") = "DotWeb.Utility", "..\..\src\DotWeb.Utility\DotWeb.Utility.csproj", "{F303A189-1B53-4FF6-B6AC-8972444A6B7B}"
EndProject
Project("{FAE04EC0-301F-11D3-BF4B-00C04F79EFBC}") = "DotWeb.Decompiler", "..\..\src\DotWeb.Decompiler\DotWeb.Decompiler.csproj", "{69561EF0-26F3-4190-89EA-AAE937A5D88F}"
EndProject
Project("{FAE04EC0-301F-11D3-BF4B-00C04F79EFBC}") = "DotWeb.System", "..\..\src\DotWeb.System\DotWeb.System.csproj", "{45AD857D-00EA-44CF-A3D4-8355DDFE1623}"
EndProject
Project("{FAE04EC0-301F-11D3-BF4B-00C04F79EFBC}") = "Hosted-DotWeb.System", "..\..\src\DotWeb.System\Hosted-DotWeb.System.csproj", "{F02F94A5-422E-4585-BB7B-160A8C6B488F}"
EndProject
Project("{FAE04EC0-301F-11D3-BF4B-00C04F79EFBC}") = "DotWeb.Tools.Weaver", "..\..\tools\DotWeb.Tools.Weaver\DotWeb.Tools.Weaver.csproj", "{DE8A6C27-B315-41E3-82BF-7A3741C7653D}"
EndProject
Project("{FAE04EC0-301F-11D3-BF4B-00C04F79EFBC}") = "DotWebWeaver", "..\..\tools\DotWebWeaver\DotWebWeaver.csproj", "{63D7BDD6-78BE-46B8-9BD3-E2026E34F4CB}"
EndProject
Global
	GlobalSection(SolutionConfigurationPlatforms) = preSolution
		Debug|Any CPU = Debug|Any CPU
		Release|Any CPU = Release|Any CPU
	EndGlobalSection
	GlobalSection(ProjectConfigurationPlatforms) = postSolution
		{1711FFA0-4868-4B04-A6A7-90E8B7294D9C}.Debug|Any CPU.ActiveCfg = Debug|Any CPU
		{1711FFA0-4868-4B04-A6A7-90E8B7294D9C}.Debug|Any CPU.Build.0 = Debug|Any CPU
		{1711FFA0-4868-4B04-A6A7-90E8B7294D9C}.Release|Any CPU.ActiveCfg = Release|Any CPU
		{1711FFA0-4868-4B04-A6A7-90E8B7294D9C}.Release|Any CPU.Build.0 = Release|Any CPU
		{0A46B99F-8A61-4544-8B1D-E5117DABBD90}.Debug|Any CPU.ActiveCfg = Debug|Any CPU
		{0A46B99F-8A61-4544-8B1D-E5117DABBD90}.Debug|Any CPU.Build.0 = Debug|Any CPU
		{0A46B99F-8A61-4544-8B1D-E5117DABBD90}.Release|Any CPU.ActiveCfg = Release|Any CPU
		{0A46B99F-8A61-4544-8B1D-E5117DABBD90}.Release|Any CPU.Build.0 = Release|Any CPU
		{9004E34C-2D35-40EE-BE98-C1AED18081CF}.Debug|Any CPU.ActiveCfg = Debug|Any CPU
		{9004E34C-2D35-40EE-BE98-C1AED18081CF}.Debug|Any CPU.Build.0 = Debug|Any CPU
		{9004E34C-2D35-40EE-BE98-C1AED18081CF}.Release|Any CPU.ActiveCfg = Release|Any CPU
		{9004E34C-2D35-40EE-BE98-C1AED18081CF}.Release|Any CPU.Build.0 = Release|Any CPU
		{CDB3DD8E-7178-42A5-BA0E-F0FABC627B46}.Debug|Any CPU.ActiveCfg = Debug|Any CPU
		{CDB3DD8E-7178-42A5-BA0E-F0FABC627B46}.Debug|Any CPU.Build.0 = Debug|Any CPU
		{CDB3DD8E-7178-42A5-BA0E-F0FABC627B46}.Release|Any CPU.ActiveCfg = Release|Any CPU
		{CDB3DD8E-7178-42A5-BA0E-F0FABC627B46}.Release|Any CPU.Build.0 = Release|Any CPU
		{F303A189-1B53-4FF6-B6AC-8972444A6B7B}.Debug|Any CPU.ActiveCfg = Debug|Any CPU
		{F303A189-1B53-4FF6-B6AC-8972444A6B7B}.Debug|Any CPU.Build.0 = Debug|Any CPU
		{F303A189-1B53-4FF6-B6AC-8972444A6B7B}.Release|Any CPU.ActiveCfg = Release|Any CPU
		{F303A189-1B53-4FF6-B6AC-8972444A6B7B}.Release|Any CPU.Build.0 = Release|Any CPU
		{69561EF0-26F3-4190-89EA-AAE937A5D88F}.Debug|Any CPU.ActiveCfg = Debug|Any CPU
		{69561EF0-26F3-4190-89EA-AAE937A5D88F}.Debug|Any CPU.Build.0 = Debug|Any CPU
		{69561EF0-26F3-4190-89EA-AAE937A5D88F}.Release|Any CPU.ActiveCfg = Release|Any CPU
		{69561EF0-26F3-4190-89EA-AAE937A5D88F}.Release|Any CPU.Build.0 = Release|Any CPU
		{45AD857D-00EA-44CF-A3D4-8355DDFE1623}.Debug|Any CPU.ActiveCfg = Debug|Any CPU
		{45AD857D-00EA-44CF-A3D4-8355DDFE1623}.Debug|Any CPU.Build.0 = Debug|Any CPU
		{45AD857D-00EA-44CF-A3D4-8355DDFE1623}.Release|Any CPU.ActiveCfg = Release|Any CPU
		{45AD857D-00EA-44CF-A3D4-8355DDFE1623}.Release|Any CPU.Build.0 = Release|Any CPU
		{F02F94A5-422E-4585-BB7B-160A8C6B488F}.Debug|Any CPU.ActiveCfg = Debug|Any CPU
		{F02F94A5-422E-4585-BB7B-160A8C6B488F}.Debug|Any CPU.Build.0 = Debug|Any CPU
		{F02F94A5-422E-4585-BB7B-160A8C6B488F}.Release|Any CPU.ActiveCfg = Release|Any CPU
		{F02F94A5-422E-4585-BB7B-160A8C6B488F}.Release|Any CPU.Build.0 = Release|Any CPU
		{DE8A6C27-B315-41E3-82BF-7A3741C7653D}.Debug|Any CPU.ActiveCfg = Debug|Any CPU
		{DE8A6C27-B315-41E3-82BF-7A3741C7653D}.Debug|Any CPU.Build.0 = Debug|Any CPU
		{DE8A6C27-B315-41E3-82BF-7A3741C7653D}.Release|Any CPU.ActiveCfg = Release|Any CPU
		{DE8A6C27-B315-41E3-82BF-7A3741C7653D}.Release|Any CPU.Build.0 = Release|Any CPU
		{63D7BDD6-78BE-46B8-9BD3-E2026E34F4CB}.Debug|Any CPU.ActiveCfg = Debug|Any CPU
		{63D7BDD6-78BE-46B8-9BD3-E2026E34F4CB}.Debug|Any CPU.Build.0 = Debug|Any CPU
		{63D7BDD6-78BE-46B8-9BD3-E2026E34F4CB}.Release|Any CPU.ActiveCfg = Release|Any CPU
		{63D7BDD6-78BE-46B8-9BD3-E2026E34F4CB}.Release|Any CPU.Build.0 = Release|Any CPU
	EndGlobalSection
	GlobalSection(SolutionProperties) = preSolution
		HideSolutionNode = FALSE
	EndGlobalSection
EndGlobal
