
Microsoft Visual Studio Solution File, Format Version 10.00
# Visual Studio 2008
Project("{FAE04EC0-301F-11D3-BF4B-00C04F79EFBC}") = "DotWeb.Agent.Ie", "DotWeb.Agent.Ie\DotWeb.Agent.Ie.csproj", "{D1243C40-69A0-4017-9ECA-194DE539DF83}"
EndProject
Project("{8BC9CEB8-8B4A-11D0-8D11-00A0C91BC942}") = "DotWeb.Agent.Ie.Interop", "DotWeb.Agent.Ie.Interop\DotWeb.Agent.Ie.Interop.vcproj", "{79E45658-6D89-4164-B1B1-0315316F7E4D}"
EndProject
Project("{FAE04EC0-301F-11D3-BF4B-00C04F79EFBC}") = "DotWeb.Utility", "..\..\src\DotWeb.Utility\DotWeb.Utility.csproj", "{F303A189-1B53-4FF6-B6AC-8972444A6B7B}"
EndProject
Project("{FAE04EC0-301F-11D3-BF4B-00C04F79EFBC}") = "DotWeb.Hosting", "..\..\src\DotWeb.Hosting\DotWeb.Hosting.csproj", "{9004E34C-2D35-40EE-BE98-C1AED18081CF}"
EndProject
Global
	GlobalSection(SolutionConfigurationPlatforms) = preSolution
		Debug|Any CPU = Debug|Any CPU
		Debug|Mixed Platforms = Debug|Mixed Platforms
		Debug|Win32 = Debug|Win32
		Release|Any CPU = Release|Any CPU
		Release|Mixed Platforms = Release|Mixed Platforms
		Release|Win32 = Release|Win32
	EndGlobalSection
	GlobalSection(ProjectConfigurationPlatforms) = postSolution
		{D1243C40-69A0-4017-9ECA-194DE539DF83}.Debug|Any CPU.ActiveCfg = Debug|Any CPU
		{D1243C40-69A0-4017-9ECA-194DE539DF83}.Debug|Any CPU.Build.0 = Debug|Any CPU
		{D1243C40-69A0-4017-9ECA-194DE539DF83}.Debug|Mixed Platforms.ActiveCfg = Debug|Any CPU
		{D1243C40-69A0-4017-9ECA-194DE539DF83}.Debug|Mixed Platforms.Build.0 = Debug|Any CPU
		{D1243C40-69A0-4017-9ECA-194DE539DF83}.Debug|Win32.ActiveCfg = Debug|Any CPU
		{D1243C40-69A0-4017-9ECA-194DE539DF83}.Release|Any CPU.ActiveCfg = Release|Any CPU
		{D1243C40-69A0-4017-9ECA-194DE539DF83}.Release|Any CPU.Build.0 = Release|Any CPU
		{D1243C40-69A0-4017-9ECA-194DE539DF83}.Release|Mixed Platforms.ActiveCfg = Release|Any CPU
		{D1243C40-69A0-4017-9ECA-194DE539DF83}.Release|Mixed Platforms.Build.0 = Release|Any CPU
		{D1243C40-69A0-4017-9ECA-194DE539DF83}.Release|Win32.ActiveCfg = Release|Any CPU
		{79E45658-6D89-4164-B1B1-0315316F7E4D}.Debug|Any CPU.ActiveCfg = Debug|Win32
		{79E45658-6D89-4164-B1B1-0315316F7E4D}.Debug|Mixed Platforms.ActiveCfg = Debug|Win32
		{79E45658-6D89-4164-B1B1-0315316F7E4D}.Debug|Mixed Platforms.Build.0 = Debug|Win32
		{79E45658-6D89-4164-B1B1-0315316F7E4D}.Debug|Win32.ActiveCfg = Debug|Win32
		{79E45658-6D89-4164-B1B1-0315316F7E4D}.Debug|Win32.Build.0 = Debug|Win32
		{79E45658-6D89-4164-B1B1-0315316F7E4D}.Release|Any CPU.ActiveCfg = Release|Win32
		{79E45658-6D89-4164-B1B1-0315316F7E4D}.Release|Mixed Platforms.ActiveCfg = Release|Win32
		{79E45658-6D89-4164-B1B1-0315316F7E4D}.Release|Mixed Platforms.Build.0 = Release|Win32
		{79E45658-6D89-4164-B1B1-0315316F7E4D}.Release|Win32.ActiveCfg = Release|Win32
		{79E45658-6D89-4164-B1B1-0315316F7E4D}.Release|Win32.Build.0 = Release|Win32
		{F303A189-1B53-4FF6-B6AC-8972444A6B7B}.Debug|Any CPU.ActiveCfg = Debug|Any CPU
		{F303A189-1B53-4FF6-B6AC-8972444A6B7B}.Debug|Any CPU.Build.0 = Debug|Any CPU
		{F303A189-1B53-4FF6-B6AC-8972444A6B7B}.Debug|Mixed Platforms.ActiveCfg = Debug|Any CPU
		{F303A189-1B53-4FF6-B6AC-8972444A6B7B}.Debug|Mixed Platforms.Build.0 = Debug|Any CPU
		{F303A189-1B53-4FF6-B6AC-8972444A6B7B}.Debug|Win32.ActiveCfg = Debug|Any CPU
		{F303A189-1B53-4FF6-B6AC-8972444A6B7B}.Release|Any CPU.ActiveCfg = Release|Any CPU
		{F303A189-1B53-4FF6-B6AC-8972444A6B7B}.Release|Any CPU.Build.0 = Release|Any CPU
		{F303A189-1B53-4FF6-B6AC-8972444A6B7B}.Release|Mixed Platforms.ActiveCfg = Release|Any CPU
		{F303A189-1B53-4FF6-B6AC-8972444A6B7B}.Release|Mixed Platforms.Build.0 = Release|Any CPU
		{F303A189-1B53-4FF6-B6AC-8972444A6B7B}.Release|Win32.ActiveCfg = Release|Any CPU
		{9004E34C-2D35-40EE-BE98-C1AED18081CF}.Debug|Any CPU.ActiveCfg = Debug|Any CPU
		{9004E34C-2D35-40EE-BE98-C1AED18081CF}.Debug|Any CPU.Build.0 = Debug|Any CPU
		{9004E34C-2D35-40EE-BE98-C1AED18081CF}.Debug|Mixed Platforms.ActiveCfg = Debug|Any CPU
		{9004E34C-2D35-40EE-BE98-C1AED18081CF}.Debug|Mixed Platforms.Build.0 = Debug|Any CPU
		{9004E34C-2D35-40EE-BE98-C1AED18081CF}.Debug|Win32.ActiveCfg = Debug|Any CPU
		{9004E34C-2D35-40EE-BE98-C1AED18081CF}.Release|Any CPU.ActiveCfg = Release|Any CPU
		{9004E34C-2D35-40EE-BE98-C1AED18081CF}.Release|Any CPU.Build.0 = Release|Any CPU
		{9004E34C-2D35-40EE-BE98-C1AED18081CF}.Release|Mixed Platforms.ActiveCfg = Release|Any CPU
		{9004E34C-2D35-40EE-BE98-C1AED18081CF}.Release|Mixed Platforms.Build.0 = Release|Any CPU
		{9004E34C-2D35-40EE-BE98-C1AED18081CF}.Release|Win32.ActiveCfg = Release|Any CPU
	EndGlobalSection
	GlobalSection(SolutionProperties) = preSolution
		HideSolutionNode = FALSE
	EndGlobalSection
EndGlobal
